// !$*UTF8*$!
{
	archiveVersion = 1;
	classes = {
	};
	objectVersion = 46;
	objects = {

/* Begin PBXBuildFile section */
		46003C041AA988990091F135 /* GoogleMobileAds.framework in Frameworks */ = {isa = PBXBuildFile; fileRef = 46003C031AA988990091F135 /* GoogleMobileAds.framework */; };
		46003C061AA988D20091F135 /* AdSupport.framework in Frameworks */ = {isa = PBXBuildFile; fileRef = 46003C051AA988D20091F135 /* AdSupport.framework */; };
		46003C081AA988E40091F135 /* AudioToolbox.framework in Frameworks */ = {isa = PBXBuildFile; fileRef = 46003C071AA988E40091F135 /* AudioToolbox.framework */; };
		46003C0A1AA988ED0091F135 /* AVFoundation.framework in Frameworks */ = {isa = PBXBuildFile; fileRef = 46003C091AA988ED0091F135 /* AVFoundation.framework */; };
		46003C0C1AA988F40091F135 /* CoreGraphics.framework in Frameworks */ = {isa = PBXBuildFile; fileRef = 46003C0B1AA988F40091F135 /* CoreGraphics.framework */; };
		46003C0E1AA988FB0091F135 /* CoreTelephony.framework in Frameworks */ = {isa = PBXBuildFile; fileRef = 46003C0D1AA988FB0091F135 /* CoreTelephony.framework */; };
		46003C101AA989040091F135 /* EventKit.framework in Frameworks */ = {isa = PBXBuildFile; fileRef = 46003C0F1AA989040091F135 /* EventKit.framework */; };
		46003C121AA9890A0091F135 /* EventKitUI.framework in Frameworks */ = {isa = PBXBuildFile; fileRef = 46003C111AA9890A0091F135 /* EventKitUI.framework */; };
		46003C141AA989110091F135 /* MessageUI.framework in Frameworks */ = {isa = PBXBuildFile; fileRef = 46003C131AA989110091F135 /* MessageUI.framework */; };
		46003C161AA989170091F135 /* StoreKit.framework in Frameworks */ = {isa = PBXBuildFile; fileRef = 46003C151AA989170091F135 /* StoreKit.framework */; };
		46003C181AA989200091F135 /* SystemConfiguration.framework in Frameworks */ = {isa = PBXBuildFile; fileRef = 46003C171AA989200091F135 /* SystemConfiguration.framework */; };
		46CBE00E1AB750E60093769F /* Contents.json in Resources */ = {isa = PBXBuildFile; fileRef = 46CBDFF91AB750E60093769F /* Contents.json */; };
		46CBE00F1AB750E60093769F /* Icon-40.png in Resources */ = {isa = PBXBuildFile; fileRef = 46CBDFFA1AB750E60093769F /* Icon-40.png */; };
		46CBE0101AB750E60093769F /* Icon-40@2x.png in Resources */ = {isa = PBXBuildFile; fileRef = 46CBDFFB1AB750E60093769F /* Icon-40@2x.png */; };
		46CBE0111AB750E60093769F /* Icon-40@3x.png in Resources */ = {isa = PBXBuildFile; fileRef = 46CBDFFC1AB750E60093769F /* Icon-40@3x.png */; };
		46CBE0121AB750E60093769F /* Icon-60@2x.png in Resources */ = {isa = PBXBuildFile; fileRef = 46CBDFFD1AB750E60093769F /* Icon-60@2x.png */; };
		46CBE0131AB750E60093769F /* Icon-60@3x.png in Resources */ = {isa = PBXBuildFile; fileRef = 46CBDFFE1AB750E60093769F /* Icon-60@3x.png */; };
		46CBE0141AB750E60093769F /* Icon-76.png in Resources */ = {isa = PBXBuildFile; fileRef = 46CBDFFF1AB750E60093769F /* Icon-76.png */; };
		46CBE0151AB750E60093769F /* Icon-76@2x.png in Resources */ = {isa = PBXBuildFile; fileRef = 46CBE0001AB750E60093769F /* Icon-76@2x.png */; };
		46CBE0161AB750E60093769F /* Icon-Small.png in Resources */ = {isa = PBXBuildFile; fileRef = 46CBE0011AB750E60093769F /* Icon-Small.png */; };
		46CBE0171AB750E60093769F /* Icon-Small@2x.png in Resources */ = {isa = PBXBuildFile; fileRef = 46CBE0021AB750E60093769F /* Icon-Small@2x.png */; };
		46CBE0181AB750E60093769F /* Icon-Small@3x.png in Resources */ = {isa = PBXBuildFile; fileRef = 46CBE0031AB750E60093769F /* Icon-Small@3x.png */; };
		46CBE0191AB750E60093769F /* Icon-60.png in Resources */ = {isa = PBXBuildFile; fileRef = 46CBE0041AB750E60093769F /* Icon-60.png */; };
		46CBE01A1AB750E60093769F /* Icon-72.png in Resources */ = {isa = PBXBuildFile; fileRef = 46CBE0051AB750E60093769F /* Icon-72.png */; };
		46CBE01B1AB750E60093769F /* Icon-72@2x.png in Resources */ = {isa = PBXBuildFile; fileRef = 46CBE0061AB750E60093769F /* Icon-72@2x.png */; };
		46CBE01C1AB750E60093769F /* Icon-Small-50.png in Resources */ = {isa = PBXBuildFile; fileRef = 46CBE0071AB750E60093769F /* Icon-Small-50.png */; };
		46CBE01D1AB750E60093769F /* Icon-Small-50@2x.png in Resources */ = {isa = PBXBuildFile; fileRef = 46CBE0081AB750E60093769F /* Icon-Small-50@2x.png */; };
		46CBE01E1AB750E60093769F /* Icon.png in Resources */ = {isa = PBXBuildFile; fileRef = 46CBE0091AB750E60093769F /* Icon.png */; };
		46CBE01F1AB750E60093769F /* Icon@2x.png in Resources */ = {isa = PBXBuildFile; fileRef = 46CBE00A1AB750E60093769F /* Icon@2x.png */; };
		46CBE0241AB767D10093769F /* FOT-MatissePro-EB.otf in Resources */ = {isa = PBXBuildFile; fileRef = 46CBE0231AB767D10093769F /* FOT-MatissePro-EB.otf */; };
		46CBE02A1AB76EF30093769F /* pushbtn.png in Resources */ = {isa = PBXBuildFile; fileRef = 46CBE0251AB76EF30093769F /* pushbtn.png */; };
		46CBE02B1AB76EF40093769F /* defbtn.png in Resources */ = {isa = PBXBuildFile; fileRef = 46CBE0261AB76EF30093769F /* defbtn.png */; };
		46CBE02C1AB76EF40093769F /* more.png in Resources */ = {isa = PBXBuildFile; fileRef = 46CBE0271AB76EF30093769F /* more.png */; };
		46CBE02D1AB76EF40093769F /* tweet.png in Resources */ = {isa = PBXBuildFile; fileRef = 46CBE0281AB76EF30093769F /* tweet.png */; };
		46CBE02E1AB76EF40093769F /* kekaback.png in Resources */ = {isa = PBXBuildFile; fileRef = 46CBE0291AB76EF30093769F /* kekaback.png */; };
		46E8A6B61A9B217A00BE219D /* AppDelegate.swift in Sources */ = {isa = PBXBuildFile; fileRef = 46E8A6B51A9B217A00BE219D /* AppDelegate.swift */; };
		46E8A6B81A9B217A00BE219D /* ViewController.swift in Sources */ = {isa = PBXBuildFile; fileRef = 46E8A6B71A9B217A00BE219D /* ViewController.swift */; };
		46E8A6BB1A9B217A00BE219D /* Main.storyboard in Resources */ = {isa = PBXBuildFile; fileRef = 46E8A6B91A9B217A00BE219D /* Main.storyboard */; };
		46E8A6BD1A9B217A00BE219D /* Images.xcassets in Resources */ = {isa = PBXBuildFile; fileRef = 46E8A6BC1A9B217A00BE219D /* Images.xcassets */; };
		46E8A6C01A9B217A00BE219D /* LaunchScreen.xib in Resources */ = {isa = PBXBuildFile; fileRef = 46E8A6BE1A9B217A00BE219D /* LaunchScreen.xib */; };
		46E8A6CC1A9B217A00BE219D /* taptanTests.swift in Sources */ = {isa = PBXBuildFile; fileRef = 46E8A6CB1A9B217A00BE219D /* taptanTests.swift */; };
		46FF3D221AA99A0B001759B4 /* FInishViewController.swift in Sources */ = {isa = PBXBuildFile; fileRef = 46FF3D211AA99A0B001759B4 /* FInishViewController.swift */; };
/* End PBXBuildFile section */

/* Begin PBXContainerItemProxy section */
		46E8A6C61A9B217A00BE219D /* PBXContainerItemProxy */ = {
			isa = PBXContainerItemProxy;
			containerPortal = 46E8A6A81A9B217A00BE219D /* Project object */;
			proxyType = 1;
			remoteGlobalIDString = 46E8A6AF1A9B217A00BE219D;
			remoteInfo = taptan;
		};
/* End PBXContainerItemProxy section */

/* Begin PBXFileReference section */
		46003C031AA988990091F135 /* GoogleMobileAds.framework */ = {isa = PBXFileReference; lastKnownFileType = wrapper.framework; path = GoogleMobileAds.framework; sourceTree = "<group>"; };
		46003C051AA988D20091F135 /* AdSupport.framework */ = {isa = PBXFileReference; lastKnownFileType = wrapper.framework; name = AdSupport.framework; path = System/Library/Frameworks/AdSupport.framework; sourceTree = SDKROOT; };
		46003C071AA988E40091F135 /* AudioToolbox.framework */ = {isa = PBXFileReference; lastKnownFileType = wrapper.framework; name = AudioToolbox.framework; path = System/Library/Frameworks/AudioToolbox.framework; sourceTree = SDKROOT; };
		46003C091AA988ED0091F135 /* AVFoundation.framework */ = {isa = PBXFileReference; lastKnownFileType = wrapper.framework; name = AVFoundation.framework; path = System/Library/Frameworks/AVFoundation.framework; sourceTree = SDKROOT; };
		46003C0B1AA988F40091F135 /* CoreGraphics.framework */ = {isa = PBXFileReference; lastKnownFileType = wrapper.framework; name = CoreGraphics.framework; path = System/Library/Frameworks/CoreGraphics.framework; sourceTree = SDKROOT; };
		46003C0D1AA988FB0091F135 /* CoreTelephony.framework */ = {isa = PBXFileReference; lastKnownFileType = wrapper.framework; name = CoreTelephony.framework; path = System/Library/Frameworks/CoreTelephony.framework; sourceTree = SDKROOT; };
		46003C0F1AA989040091F135 /* EventKit.framework */ = {isa = PBXFileReference; lastKnownFileType = wrapper.framework; name = EventKit.framework; path = System/Library/Frameworks/EventKit.framework; sourceTree = SDKROOT; };
		46003C111AA9890A0091F135 /* EventKitUI.framework */ = {isa = PBXFileReference; lastKnownFileType = wrapper.framework; name = EventKitUI.framework; path = System/Library/Frameworks/EventKitUI.framework; sourceTree = SDKROOT; };
		46003C131AA989110091F135 /* MessageUI.framework */ = {isa = PBXFileReference; lastKnownFileType = wrapper.framework; name = MessageUI.framework; path = System/Library/Frameworks/MessageUI.framework; sourceTree = SDKROOT; };
		46003C151AA989170091F135 /* StoreKit.framework */ = {isa = PBXFileReference; lastKnownFileType = wrapper.framework; name = StoreKit.framework; path = System/Library/Frameworks/StoreKit.framework; sourceTree = SDKROOT; };
		46003C171AA989200091F135 /* SystemConfiguration.framework */ = {isa = PBXFileReference; lastKnownFileType = wrapper.framework; name = SystemConfiguration.framework; path = System/Library/Frameworks/SystemConfiguration.framework; sourceTree = SDKROOT; };
		46CBDFF91AB750E60093769F /* Contents.json */ = {isa = PBXFileReference; fileEncoding = 4; lastKnownFileType = text.json; path = Contents.json; sourceTree = "<group>"; };
		46CBDFFA1AB750E60093769F /* Icon-40.png */ = {isa = PBXFileReference; lastKnownFileType = image.png; path = "Icon-40.png"; sourceTree = "<group>"; };
		46CBDFFB1AB750E60093769F /* Icon-40@2x.png */ = {isa = PBXFileReference; lastKnownFileType = image.png; path = "Icon-40@2x.png"; sourceTree = "<group>"; };
		46CBDFFC1AB750E60093769F /* Icon-40@3x.png */ = {isa = PBXFileReference; lastKnownFileType = image.png; path = "Icon-40@3x.png"; sourceTree = "<group>"; };
		46CBDFFD1AB750E60093769F /* Icon-60@2x.png */ = {isa = PBXFileReference; lastKnownFileType = image.png; path = "Icon-60@2x.png"; sourceTree = "<group>"; };
		46CBDFFE1AB750E60093769F /* Icon-60@3x.png */ = {isa = PBXFileReference; lastKnownFileType = image.png; path = "Icon-60@3x.png"; sourceTree = "<group>"; };
		46CBDFFF1AB750E60093769F /* Icon-76.png */ = {isa = PBXFileReference; lastKnownFileType = image.png; path = "Icon-76.png"; sourceTree = "<group>"; };
		46CBE0001AB750E60093769F /* Icon-76@2x.png */ = {isa = PBXFileReference; lastKnownFileType = image.png; path = "Icon-76@2x.png"; sourceTree = "<group>"; };
		46CBE0011AB750E60093769F /* Icon-Small.png */ = {isa = PBXFileReference; lastKnownFileType = image.png; path = "Icon-Small.png"; sourceTree = "<group>"; };
		46CBE0021AB750E60093769F /* Icon-Small@2x.png */ = {isa = PBXFileReference; lastKnownFileType = image.png; path = "Icon-Small@2x.png"; sourceTree = "<group>"; };
		46CBE0031AB750E60093769F /* Icon-Small@3x.png */ = {isa = PBXFileReference; lastKnownFileType = image.png; path = "Icon-Small@3x.png"; sourceTree = "<group>"; };
		46CBE0041AB750E60093769F /* Icon-60.png */ = {isa = PBXFileReference; lastKnownFileType = image.png; path = "Icon-60.png"; sourceTree = "<group>"; };
		46CBE0051AB750E60093769F /* Icon-72.png */ = {isa = PBXFileReference; lastKnownFileType = image.png; path = "Icon-72.png"; sourceTree = "<group>"; };
		46CBE0061AB750E60093769F /* Icon-72@2x.png */ = {isa = PBXFileReference; lastKnownFileType = image.png; path = "Icon-72@2x.png"; sourceTree = "<group>"; };
		46CBE0071AB750E60093769F /* Icon-Small-50.png */ = {isa = PBXFileReference; lastKnownFileType = image.png; path = "Icon-Small-50.png"; sourceTree = "<group>"; };
		46CBE0081AB750E60093769F /* Icon-Small-50@2x.png */ = {isa = PBXFileReference; lastKnownFileType = image.png; path = "Icon-Small-50@2x.png"; sourceTree = "<group>"; };
		46CBE0091AB750E60093769F /* Icon.png */ = {isa = PBXFileReference; lastKnownFileType = image.png; path = Icon.png; sourceTree = "<group>"; };
		46CBE00A1AB750E60093769F /* Icon@2x.png */ = {isa = PBXFileReference; lastKnownFileType = image.png; path = "Icon@2x.png"; sourceTree = "<group>"; };
		46CBE0231AB767D10093769F /* FOT-MatissePro-EB.otf */ = {isa = PBXFileReference; lastKnownFileType = file; path = "FOT-MatissePro-EB.otf"; sourceTree = "<group>"; };
		46CBE0251AB76EF30093769F /* pushbtn.png */ = {isa = PBXFileReference; lastKnownFileType = image.png; path = pushbtn.png; sourceTree = "<group>"; };
		46CBE0261AB76EF30093769F /* defbtn.png */ = {isa = PBXFileReference; lastKnownFileType = image.png; path = defbtn.png; sourceTree = "<group>"; };
		46CBE0271AB76EF30093769F /* more.png */ = {isa = PBXFileReference; lastKnownFileType = image.png; path = more.png; sourceTree = "<group>"; };
		46CBE0281AB76EF30093769F /* tweet.png */ = {isa = PBXFileReference; lastKnownFileType = image.png; path = tweet.png; sourceTree = "<group>"; };
		46CBE0291AB76EF30093769F /* kekaback.png */ = {isa = PBXFileReference; lastKnownFileType = image.png; path = kekaback.png; sourceTree = "<group>"; };
		46E8A6B01A9B217A00BE219D /* taptan.app */ = {isa = PBXFileReference; explicitFileType = wrapper.application; includeInIndex = 0; path = taptan.app; sourceTree = BUILT_PRODUCTS_DIR; };
		46E8A6B41A9B217A00BE219D /* Info.plist */ = {isa = PBXFileReference; lastKnownFileType = text.plist.xml; path = Info.plist; sourceTree = "<group>"; };
		46E8A6B51A9B217A00BE219D /* AppDelegate.swift */ = {isa = PBXFileReference; lastKnownFileType = sourcecode.swift; path = AppDelegate.swift; sourceTree = "<group>"; };
		46E8A6B71A9B217A00BE219D /* ViewController.swift */ = {isa = PBXFileReference; lastKnownFileType = sourcecode.swift; path = ViewController.swift; sourceTree = "<group>"; };
		46E8A6BA1A9B217A00BE219D /* Base */ = {isa = PBXFileReference; lastKnownFileType = file.storyboard; name = Base; path = Base.lproj/Main.storyboard; sourceTree = "<group>"; };
		46E8A6BC1A9B217A00BE219D /* Images.xcassets */ = {isa = PBXFileReference; lastKnownFileType = folder.assetcatalog; path = Images.xcassets; sourceTree = "<group>"; };
		46E8A6BF1A9B217A00BE219D /* Base */ = {isa = PBXFileReference; lastKnownFileType = file.xib; name = Base; path = Base.lproj/LaunchScreen.xib; sourceTree = "<group>"; };
		46E8A6C51A9B217A00BE219D /* taptanTests.xctest */ = {isa = PBXFileReference; explicitFileType = wrapper.cfbundle; includeInIndex = 0; path = taptanTests.xctest; sourceTree = BUILT_PRODUCTS_DIR; };
		46E8A6CA1A9B217A00BE219D /* Info.plist */ = {isa = PBXFileReference; lastKnownFileType = text.plist.xml; path = Info.plist; sourceTree = "<group>"; };
		46E8A6CB1A9B217A00BE219D /* taptanTests.swift */ = {isa = PBXFileReference; lastKnownFileType = sourcecode.swift; path = taptanTests.swift; sourceTree = "<group>"; };
		46FF3D1E1AA98D89001759B4 /* AdmobBridge.h */ = {isa = PBXFileReference; lastKnownFileType = sourcecode.c.h; path = AdmobBridge.h; sourceTree = "<group>"; };
		46FF3D211AA99A0B001759B4 /* FInishViewController.swift */ = {isa = PBXFileReference; fileEncoding = 4; lastKnownFileType = sourcecode.swift; name = FInishViewController.swift; path = ../FInishViewController.swift; sourceTree = "<group>"; };
/* End PBXFileReference section */

/* Begin PBXFrameworksBuildPhase section */
		46E8A6AD1A9B217A00BE219D /* Frameworks */ = {
			isa = PBXFrameworksBuildPhase;
			buildActionMask = 2147483647;
			files = (
				46003C181AA989200091F135 /* SystemConfiguration.framework in Frameworks */,
				46003C161AA989170091F135 /* StoreKit.framework in Frameworks */,
				46003C141AA989110091F135 /* MessageUI.framework in Frameworks */,
				46003C121AA9890A0091F135 /* EventKitUI.framework in Frameworks */,
				46003C101AA989040091F135 /* EventKit.framework in Frameworks */,
				46003C0E1AA988FB0091F135 /* CoreTelephony.framework in Frameworks */,
				46003C0C1AA988F40091F135 /* CoreGraphics.framework in Frameworks */,
				46003C0A1AA988ED0091F135 /* AVFoundation.framework in Frameworks */,
				46003C081AA988E40091F135 /* AudioToolbox.framework in Frameworks */,
				46003C061AA988D20091F135 /* AdSupport.framework in Frameworks */,
				46003C041AA988990091F135 /* GoogleMobileAds.framework in Frameworks */,
			);
			runOnlyForDeploymentPostprocessing = 0;
		};
		46E8A6C21A9B217A00BE219D /* Frameworks */ = {
			isa = PBXFrameworksBuildPhase;
			buildActionMask = 2147483647;
			files = (
			);
			runOnlyForDeploymentPostprocessing = 0;
		};
/* End PBXFrameworksBuildPhase section */

/* Begin PBXGroup section */
		46CBDFF71AB750E60093769F /* iostaptan */ = {
			isa = PBXGroup;
			children = (
				46CBDFF81AB750E60093769F /* AppIcon.appiconset */,
				46CBE0041AB750E60093769F /* Icon-60.png */,
				46CBE0051AB750E60093769F /* Icon-72.png */,
				46CBE0061AB750E60093769F /* Icon-72@2x.png */,
				46CBE0071AB750E60093769F /* Icon-Small-50.png */,
				46CBE0081AB750E60093769F /* Icon-Small-50@2x.png */,
				46CBE0091AB750E60093769F /* Icon.png */,
				46CBE00A1AB750E60093769F /* Icon@2x.png */,
			);
			path = iostaptan;
			sourceTree = "<group>";
		};
		46CBDFF81AB750E60093769F /* AppIcon.appiconset */ = {
			isa = PBXGroup;
			children = (
				46CBDFF91AB750E60093769F /* Contents.json */,
				46CBDFFA1AB750E60093769F /* Icon-40.png */,
				46CBDFFB1AB750E60093769F /* Icon-40@2x.png */,
				46CBDFFC1AB750E60093769F /* Icon-40@3x.png */,
				46CBDFFD1AB750E60093769F /* Icon-60@2x.png */,
				46CBDFFE1AB750E60093769F /* Icon-60@3x.png */,
				46CBDFFF1AB750E60093769F /* Icon-76.png */,
				46CBE0001AB750E60093769F /* Icon-76@2x.png */,
				46CBE0011AB750E60093769F /* Icon-Small.png */,
				46CBE0021AB750E60093769F /* Icon-Small@2x.png */,
				46CBE0031AB750E60093769F /* Icon-Small@3x.png */,
			);
			path = AppIcon.appiconset;
			sourceTree = "<group>";
		};
		46E8A6A71A9B217A00BE219D = {
			isa = PBXGroup;
			children = (
				46CBE0251AB76EF30093769F /* pushbtn.png */,
				46CBE0261AB76EF30093769F /* defbtn.png */,
				46CBE0271AB76EF30093769F /* more.png */,
				46CBE0281AB76EF30093769F /* tweet.png */,
				46CBE0291AB76EF30093769F /* kekaback.png */,
				46CBE0231AB767D10093769F /* FOT-MatissePro-EB.otf */,
				46CBDFF71AB750E60093769F /* iostaptan */,
				46003C171AA989200091F135 /* SystemConfiguration.framework */,
				46003C151AA989170091F135 /* StoreKit.framework */,
				46003C131AA989110091F135 /* MessageUI.framework */,
				46003C111AA9890A0091F135 /* EventKitUI.framework */,
				46003C0F1AA989040091F135 /* EventKit.framework */,
				46003C0D1AA988FB0091F135 /* CoreTelephony.framework */,
				46003C0B1AA988F40091F135 /* CoreGraphics.framework */,
				46003C091AA988ED0091F135 /* AVFoundation.framework */,
				46003C071AA988E40091F135 /* AudioToolbox.framework */,
				46003C051AA988D20091F135 /* AdSupport.framework */,
				46003C031AA988990091F135 /* GoogleMobileAds.framework */,
				46E8A6B21A9B217A00BE219D /* taptan */,
				46E8A6C81A9B217A00BE219D /* taptanTests */,
				46E8A6B11A9B217A00BE219D /* Products */,
			);
			sourceTree = "<group>";
		};
		46E8A6B11A9B217A00BE219D /* Products */ = {
			isa = PBXGroup;
			children = (
				46E8A6B01A9B217A00BE219D /* taptan.app */,
				46E8A6C51A9B217A00BE219D /* taptanTests.xctest */,
			);
			name = Products;
			sourceTree = "<group>";
		};
		46E8A6B21A9B217A00BE219D /* taptan */ = {
			isa = PBXGroup;
			children = (
				46E8A6B51A9B217A00BE219D /* AppDelegate.swift */,
				46E8A6B71A9B217A00BE219D /* ViewController.swift */,
				46FF3D211AA99A0B001759B4 /* FInishViewController.swift */,
				46E8A6B91A9B217A00BE219D /* Main.storyboard */,
				46E8A6BC1A9B217A00BE219D /* Images.xcassets */,
				46E8A6BE1A9B217A00BE219D /* LaunchScreen.xib */,
				46E8A6B31A9B217A00BE219D /* Supporting Files */,
				46FF3D1E1AA98D89001759B4 /* AdmobBridge.h */,
			);
			path = taptan;
			sourceTree = "<group>";
		};
		46E8A6B31A9B217A00BE219D /* Supporting Files */ = {
			isa = PBXGroup;
			children = (
				46E8A6B41A9B217A00BE219D /* Info.plist */,
			);
			name = "Supporting Files";
			sourceTree = "<group>";
		};
		46E8A6C81A9B217A00BE219D /* taptanTests */ = {
			isa = PBXGroup;
			children = (
				46E8A6CB1A9B217A00BE219D /* taptanTests.swift */,
				46E8A6C91A9B217A00BE219D /* Supporting Files */,
			);
			path = taptanTests;
			sourceTree = "<group>";
		};
		46E8A6C91A9B217A00BE219D /* Supporting Files */ = {
			isa = PBXGroup;
			children = (
				46E8A6CA1A9B217A00BE219D /* Info.plist */,
			);
			name = "Supporting Files";
			sourceTree = "<group>";
		};
/* End PBXGroup section */

/* Begin PBXNativeTarget section */
		46E8A6AF1A9B217A00BE219D /* taptan */ = {
			isa = PBXNativeTarget;
			buildConfigurationList = 46E8A6CF1A9B217A00BE219D /* Build configuration list for PBXNativeTarget "taptan" */;
			buildPhases = (
				46E8A6AC1A9B217A00BE219D /* Sources */,
				46E8A6AD1A9B217A00BE219D /* Frameworks */,
				46E8A6AE1A9B217A00BE219D /* Resources */,
			);
			buildRules = (
			);
			dependencies = (
			);
			name = taptan;
			productName = taptan;
			productReference = 46E8A6B01A9B217A00BE219D /* taptan.app */;
			productType = "com.apple.product-type.application";
		};
		46E8A6C41A9B217A00BE219D /* taptanTests */ = {
			isa = PBXNativeTarget;
			buildConfigurationList = 46E8A6D21A9B217A00BE219D /* Build configuration list for PBXNativeTarget "taptanTests" */;
			buildPhases = (
				46E8A6C11A9B217A00BE219D /* Sources */,
				46E8A6C21A9B217A00BE219D /* Frameworks */,
				46E8A6C31A9B217A00BE219D /* Resources */,
			);
			buildRules = (
			);
			dependencies = (
				46E8A6C71A9B217A00BE219D /* PBXTargetDependency */,
			);
			name = taptanTests;
			productName = taptanTests;
			productReference = 46E8A6C51A9B217A00BE219D /* taptanTests.xctest */;
			productType = "com.apple.product-type.bundle.unit-test";
		};
/* End PBXNativeTarget section */

/* Begin PBXProject section */
		46E8A6A81A9B217A00BE219D /* Project object */ = {
			isa = PBXProject;
			attributes = {
				LastUpgradeCheck = 0610;
				ORGANIZATIONNAME = watakemi725;
				TargetAttributes = {
					46E8A6AF1A9B217A00BE219D = {
						CreatedOnToolsVersion = 6.1.1;
						DevelopmentTeam = WQXZ564XF2;
					};
					46E8A6C41A9B217A00BE219D = {
						CreatedOnToolsVersion = 6.1.1;
						TestTargetID = 46E8A6AF1A9B217A00BE219D;
					};
				};
			};
			buildConfigurationList = 46E8A6AB1A9B217A00BE219D /* Build configuration list for PBXProject "taptan" */;
			compatibilityVersion = "Xcode 3.2";
			developmentRegion = English;
			hasScannedForEncodings = 0;
			knownRegions = (
				en,
				Base,
			);
			mainGroup = 46E8A6A71A9B217A00BE219D;
			productRefGroup = 46E8A6B11A9B217A00BE219D /* Products */;
			projectDirPath = "";
			projectRoot = "";
			targets = (
				46E8A6AF1A9B217A00BE219D /* taptan */,
				46E8A6C41A9B217A00BE219D /* taptanTests */,
			);
		};
/* End PBXProject section */

/* Begin PBXResourcesBuildPhase section */
		46E8A6AE1A9B217A00BE219D /* Resources */ = {
			isa = PBXResourcesBuildPhase;
			buildActionMask = 2147483647;
			files = (
				46E8A6BB1A9B217A00BE219D /* Main.storyboard in Resources */,
				46E8A6C01A9B217A00BE219D /* LaunchScreen.xib in Resources */,
				46CBE02A1AB76EF30093769F /* pushbtn.png in Resources */,
				46E8A6BD1A9B217A00BE219D /* Images.xcassets in Resources */,
				46CBE02B1AB76EF40093769F /* defbtn.png in Resources */,
				46CBE01C1AB750E60093769F /* Icon-Small-50.png in Resources */,
				46CBE0101AB750E60093769F /* Icon-40@2x.png in Resources */,
				46CBE00E1AB750E60093769F /* Contents.json in Resources */,
				46CBE02C1AB76EF40093769F /* more.png in Resources */,
				46CBE01B1AB750E60093769F /* Icon-72@2x.png in Resources */,
				46CBE0191AB750E60093769F /* Icon-60.png in Resources */,
				46CBE01D1AB750E60093769F /* Icon-Small-50@2x.png in Resources */,
				46CBE0171AB750E60093769F /* Icon-Small@2x.png in Resources */,
				46CBE02D1AB76EF40093769F /* tweet.png in Resources */,
				46CBE0151AB750E60093769F /* Icon-76@2x.png in Resources */,
				46CBE02E1AB76EF40093769F /* kekaback.png in Resources */,
				46CBE0111AB750E60093769F /* Icon-40@3x.png in Resources */,
				46CBE01E1AB750E60093769F /* Icon.png in Resources */,
				46CBE0131AB750E60093769F /* Icon-60@3x.png in Resources */,
				46CBE0161AB750E60093769F /* Icon-Small.png in Resources */,
				46CBE0241AB767D10093769F /* FOT-MatissePro-EB.otf in Resources */,
				46CBE0141AB750E60093769F /* Icon-76.png in Resources */,
				46CBE01F1AB750E60093769F /* Icon@2x.png in Resources */,
				46CBE00F1AB750E60093769F /* Icon-40.png in Resources */,
				46CBE01A1AB750E60093769F /* Icon-72.png in Resources */,
				46CBE0181AB750E60093769F /* Icon-Small@3x.png in Resources */,
				46CBE0121AB750E60093769F /* Icon-60@2x.png in Resources */,
			);
			runOnlyForDeploymentPostprocessing = 0;
		};
		46E8A6C31A9B217A00BE219D /* Resources */ = {
			isa = PBXResourcesBuildPhase;
			buildActionMask = 2147483647;
			files = (
			);
			runOnlyForDeploymentPostprocessing = 0;
		};
/* End PBXResourcesBuildPhase section */

/* Begin PBXSourcesBuildPhase section */
		46E8A6AC1A9B217A00BE219D /* Sources */ = {
			isa = PBXSourcesBuildPhase;
			buildActionMask = 2147483647;
			files = (
				46E8A6B81A9B217A00BE219D /* ViewController.swift in Sources */,
				46E8A6B61A9B217A00BE219D /* AppDelegate.swift in Sources */,
				46FF3D221AA99A0B001759B4 /* FInishViewController.swift in Sources */,
			);
			runOnlyForDeploymentPostprocessing = 0;
		};
		46E8A6C11A9B217A00BE219D /* Sources */ = {
			isa = PBXSourcesBuildPhase;
			buildActionMask = 2147483647;
			files = (
				46E8A6CC1A9B217A00BE219D /* taptanTests.swift in Sources */,
			);
			runOnlyForDeploymentPostprocessing = 0;
		};
/* End PBXSourcesBuildPhase section */

/* Begin PBXTargetDependency section */
		46E8A6C71A9B217A00BE219D /* PBXTargetDependency */ = {
			isa = PBXTargetDependency;
			target = 46E8A6AF1A9B217A00BE219D /* taptan */;
			targetProxy = 46E8A6C61A9B217A00BE219D /* PBXContainerItemProxy */;
		};
/* End PBXTargetDependency section */

/* Begin PBXVariantGroup section */
		46E8A6B91A9B217A00BE219D /* Main.storyboard */ = {
			isa = PBXVariantGroup;
			children = (
				46E8A6BA1A9B217A00BE219D /* Base */,
			);
			name = Main.storyboard;
			sourceTree = "<group>";
		};
		46E8A6BE1A9B217A00BE219D /* LaunchScreen.xib */ = {
			isa = PBXVariantGroup;
			children = (
				46E8A6BF1A9B217A00BE219D /* Base */,
			);
			name = LaunchScreen.xib;
			sourceTree = "<group>";
		};
/* End PBXVariantGroup section */

/* Begin XCBuildConfiguration section */
		46E8A6CD1A9B217A00BE219D /* Debug */ = {
			isa = XCBuildConfiguration;
			buildSettings = {
				ALWAYS_SEARCH_USER_PATHS = NO;
				CLANG_CXX_LANGUAGE_STANDARD = "gnu++0x";
				CLANG_CXX_LIBRARY = "libc++";
				CLANG_ENABLE_MODULES = YES;
				CLANG_ENABLE_OBJC_ARC = YES;
				CLANG_WARN_BOOL_CONVERSION = YES;
				CLANG_WARN_CONSTANT_CONVERSION = YES;
				CLANG_WARN_DIRECT_OBJC_ISA_USAGE = YES_ERROR;
				CLANG_WARN_EMPTY_BODY = YES;
				CLANG_WARN_ENUM_CONVERSION = YES;
				CLANG_WARN_INT_CONVERSION = YES;
				CLANG_WARN_OBJC_ROOT_CLASS = YES_ERROR;
				CLANG_WARN_UNREACHABLE_CODE = YES;
				CLANG_WARN__DUPLICATE_METHOD_MATCH = YES;
				"CODE_SIGN_IDENTITY[sdk=iphoneos*]" = "iPhone Developer";
				COPY_PHASE_STRIP = NO;
				ENABLE_STRICT_OBJC_MSGSEND = YES;
				GCC_C_LANGUAGE_STANDARD = gnu99;
				GCC_DYNAMIC_NO_PIC = NO;
				GCC_OPTIMIZATION_LEVEL = 0;
				GCC_PREPROCESSOR_DEFINITIONS = (
					"DEBUG=1",
					"$(inherited)",
				);
				GCC_SYMBOLS_PRIVATE_EXTERN = NO;
				GCC_WARN_64_TO_32_BIT_CONVERSION = YES;
				GCC_WARN_ABOUT_RETURN_TYPE = YES_ERROR;
				GCC_WARN_UNDECLARED_SELECTOR = YES;
				GCC_WARN_UNINITIALIZED_AUTOS = YES_AGGRESSIVE;
				GCC_WARN_UNUSED_FUNCTION = YES;
				GCC_WARN_UNUSED_VARIABLE = YES;
				IPHONEOS_DEPLOYMENT_TARGET = 7.0;
				MTL_ENABLE_DEBUG_INFO = YES;
				ONLY_ACTIVE_ARCH = YES;
				SDKROOT = iphoneos;
				SWIFT_OPTIMIZATION_LEVEL = "-Onone";
			};
			name = Debug;
		};
		46E8A6CE1A9B217A00BE219D /* Release */ = {
			isa = XCBuildConfiguration;
			buildSettings = {
				ALWAYS_SEARCH_USER_PATHS = NO;
				CLANG_CXX_LANGUAGE_STANDARD = "gnu++0x";
				CLANG_CXX_LIBRARY = "libc++";
				CLANG_ENABLE_MODULES = YES;
				CLANG_ENABLE_OBJC_ARC = YES;
				CLANG_WARN_BOOL_CONVERSION = YES;
				CLANG_WARN_CONSTANT_CONVERSION = YES;
				CLANG_WARN_DIRECT_OBJC_ISA_USAGE = YES_ERROR;
				CLANG_WARN_EMPTY_BODY = YES;
				CLANG_WARN_ENUM_CONVERSION = YES;
				CLANG_WARN_INT_CONVERSION = YES;
				CLANG_WARN_OBJC_ROOT_CLASS = YES_ERROR;
				CLANG_WARN_UNREACHABLE_CODE = YES;
				CLANG_WARN__DUPLICATE_METHOD_MATCH = YES;
				"CODE_SIGN_IDENTITY[sdk=iphoneos*]" = "iPhone Developer";
				COPY_PHASE_STRIP = YES;
				ENABLE_NS_ASSERTIONS = NO;
				ENABLE_STRICT_OBJC_MSGSEND = YES;
				GCC_C_LANGUAGE_STANDARD = gnu99;
				GCC_WARN_64_TO_32_BIT_CONVERSION = YES;
				GCC_WARN_ABOUT_RETURN_TYPE = YES_ERROR;
				GCC_WARN_UNDECLARED_SELECTOR = YES;
				GCC_WARN_UNINITIALIZED_AUTOS = YES_AGGRESSIVE;
				GCC_WARN_UNUSED_FUNCTION = YES;
				GCC_WARN_UNUSED_VARIABLE = YES;
				IPHONEOS_DEPLOYMENT_TARGET = 7.0;
				MTL_ENABLE_DEBUG_INFO = NO;
				SDKROOT = iphoneos;
				VALIDATE_PRODUCT = YES;
			};
			name = Release;
		};
		46E8A6D01A9B217A00BE219D /* Debug */ = {
			isa = XCBuildConfiguration;
			buildSettings = {
				ASSETCATALOG_COMPILER_APPICON_NAME = AppIcon;
				ASSETCATALOG_COMPILER_LAUNCHIMAGE_NAME = LaunchImage;
				FRAMEWORK_SEARCH_PATHS = (
					"$(inherited)",
					"$(PROJECT_DIR)",
				);
				INFOPLIST_FILE = taptan/Info.plist;
				LD_RUNPATH_SEARCH_PATHS = "$(inherited) @executable_path/Frameworks";
				OTHER_LDFLAGS = "-Objc";
				PRODUCT_NAME = "$(TARGET_NAME)";
				SWIFT_OBJC_BRIDGING_HEADER = "$(SRCROOT)/$(PROJECT)/AdmobBridge.h";
			};
			name = Debug;
		};
		46E8A6D11A9B217A00BE219D /* Release */ = {
			isa = XCBuildConfiguration;
			buildSettings = {
				ASSETCATALOG_COMPILER_APPICON_NAME = AppIcon;
				ASSETCATALOG_COMPILER_LAUNCHIMAGE_NAME = LaunchImage;
				FRAMEWORK_SEARCH_PATHS = (
					"$(inherited)",
					"$(PROJECT_DIR)",
				);
				INFOPLIST_FILE = taptan/Info.plist;
				LD_RUNPATH_SEARCH_PATHS = "$(inherited) @executable_path/Frameworks";
				OTHER_LDFLAGS = "-Objc";
				PRODUCT_NAME = "$(TARGET_NAME)";
				SWIFT_OBJC_BRIDGING_HEADER = "$(SRCROOT)/$(PROJECT)/AdmobBridge.h";
			};
			name = Release;
		};
		46E8A6D31A9B217A00BE219D /* Debug */ = {
			isa = XCBuildConfiguration;
			buildSettings = {
				BUNDLE_LOADER = "$(TEST_HOST)";
				FRAMEWORK_SEARCH_PATHS = (
					"$(SDKROOT)/Developer/Library/Frameworks",
					"$(inherited)",
				);
				GCC_PREPROCESSOR_DEFINITIONS = (
					"DEBUG=1",
					"$(inherited)",
				);
				INFOPLIST_FILE = taptanTests/Info.plist;
				LD_RUNPATH_SEARCH_PATHS = "$(inherited) @executable_path/Frameworks @loader_path/Frameworks";
				PRODUCT_NAME = "$(TARGET_NAME)";
				TEST_HOST = "$(BUILT_PRODUCTS_DIR)/taptan.app/taptan";
			};
			name = Debug;
		};
		46E8A6D41A9B217A00BE219D /* Release */ = {
			isa = XCBuildConfiguration;
			buildSettings = {
				BUNDLE_LOADER = "$(TEST_HOST)";
				FRAMEWORK_SEARCH_PATHS = (
					"$(SDKROOT)/Developer/Library/Frameworks",
					"$(inherited)",
				);
				INFOPLIST_FILE = taptanTests/Info.plist;
				LD_RUNPATH_SEARCH_PATHS = "$(inherited) @executable_path/Frameworks @loader_path/Frameworks";
				PRODUCT_NAME = "$(TARGET_NAME)";
				TEST_HOST = "$(BUILT_PRODUCTS_DIR)/taptan.app/taptan";
			};
			name = Release;
		};
/* End XCBuildConfiguration section */

/* Begin XCConfigurationList section */
		46E8A6AB1A9B217A00BE219D /* Build configuration list for PBXProject "taptan" */ = {
			isa = XCConfigurationList;
			buildConfigurations = (
				46E8A6CD1A9B217A00BE219D /* Debug */,
				46E8A6CE1A9B217A00BE219D /* Release */,
			);
			defaultConfigurationIsVisible = 0;
			defaultConfigurationName = Release;
		};
		46E8A6CF1A9B217A00BE219D /* Build configuration list for PBXNativeTarget "taptan" */ = {
			isa = XCConfigurationList;
			buildConfigurations = (
				46E8A6D01A9B217A00BE219D /* Debug */,
				46E8A6D11A9B217A00BE219D /* Release */,
			);
			defaultConfigurationIsVisible = 0;
			defaultConfigurationName = Release;
		};
		46E8A6D21A9B217A00BE219D /* Build configuration list for PBXNativeTarget "taptanTests" */ = {
			isa = XCConfigurationList;
			buildConfigurations = (
				46E8A6D31A9B217A00BE219D /* Debug */,
				46E8A6D41A9B217A00BE219D /* Release */,
			);
			defaultConfigurationIsVisible = 0;
			defaultConfigurationName = Release;
		};
/* End XCConfigurationList section */
	};
	rootObject = 46E8A6A81A9B217A00BE219D /* Project object */;
}
